
Microsoft Visual Studio Solution File, Format Version 12.00
# Visual Studio Version 16
VisualStudioVersion = 16.0.30612.183
MinimumVisualStudioVersion = 10.0.40219.1
Project("{9A19103F-16F7-4668-BE54-9A1E7A4F7556}") = "MyCommand", "src\Content\MyCommand.csproj", "{B63D53D5-BC77-4040-B211-6240E378440A}"
EndProject
Global
	GlobalSection(SolutionConfigurationPlatforms) = preSolution
		Debug|Any CPU = Debug|Any CPU
		Release|Any CPU = Release|Any CPU
	EndGlobalSection
	GlobalSection(ProjectConfigurationPlatforms) = postSolution
		{B63D53D5-BC77-4040-B211-6240E378440A}.Debug|Any CPU.ActiveCfg = Debug|Any CPU
		{B63D53D5-BC77-4040-B211-6240E378440A}.Debug|Any CPU.Build.0 = Debug|Any CPU
		{B63D53D5-BC77-4040-B211-6240E378440A}.Release|Any CPU.ActiveCfg = Release|Any CPU
		{B63D53D5-BC77-4040-B211-6240E378440A}.Release|Any CPU.Build.0 = Release|Any CPU
	EndGlobalSection
	GlobalSection(SolutionProperties) = preSolution
		HideSolutionNode = FALSE
	EndGlobalSection
	GlobalSection(ExtensibilityGlobals) = postSolution
		SolutionGuid = {25C1D363-A671-49AB-A54C-4D8AB8930177}
	EndGlobalSection
EndGlobal
