
Microsoft Visual Studio Solution File, Format Version 12.00
# Visual Studio Version 16
VisualStudioVersion = 16.0.30612.183
MinimumVisualStudioVersion = 10.0.40219.1
Project("{FAE04EC0-301F-11D3-BF4B-00C04F79EFBC}") = "MyCommand", "MyCommand\MyCommand.csproj", "{1882F1DA-B947-4FE9-B7AF-BDFDB908969F}"
EndProject
Global
	GlobalSection(SolutionConfigurationPlatforms) = preSolution
		Debug|Any CPU = Debug|Any CPU
		Release|Any CPU = Release|Any CPU
	EndGlobalSection
	GlobalSection(ProjectConfigurationPlatforms) = postSolution
		{1882F1DA-B947-4FE9-B7AF-BDFDB908969F}.Debug|Any CPU.ActiveCfg = Debug|Any CPU
		{1882F1DA-B947-4FE9-B7AF-BDFDB908969F}.Debug|Any CPU.Build.0 = Debug|Any CPU
		{1882F1DA-B947-4FE9-B7AF-BDFDB908969F}.Release|Any CPU.ActiveCfg = Release|Any CPU
		{1882F1DA-B947-4FE9-B7AF-BDFDB908969F}.Release|Any CPU.Build.0 = Release|Any CPU
	EndGlobalSection
	GlobalSection(SolutionProperties) = preSolution
		HideSolutionNode = FALSE
	EndGlobalSection
	GlobalSection(ExtensibilityGlobals) = postSolution
		SolutionGuid = {25C1D363-A671-49AB-A54C-4D8AB8930177}
	EndGlobalSection
EndGlobal
