
Microsoft Visual Studio Solution File, Format Version 12.00
# Visual Studio Version 17
VisualStudioVersion = 17.9.34310.50
MinimumVisualStudioVersion = 10.0.40219.1
Project("{FAE04EC0-301F-11D3-BF4B-00C04F79EFBC}") = "Contoso.Starter.Web", "Contoso.Starter.Web\Contoso.Starter.Web.csproj", "{2C6D3738-D895-43BF-A150-FEDA52FC8489}"
EndProject
Global
	GlobalSection(SolutionConfigurationPlatforms) = preSolution
		Debug|Any CPU = Debug|Any CPU
		Release|Any CPU = Release|Any CPU
	EndGlobalSection
	GlobalSection(ProjectConfigurationPlatforms) = postSolution
		{2C6D3738-D895-43BF-A150-FEDA52FC8489}.Debug|Any CPU.ActiveCfg = Debug|Any CPU
		{2C6D3738-D895-43BF-A150-FEDA52FC8489}.Debug|Any CPU.Build.0 = Debug|Any CPU
		{2C6D3738-D895-43BF-A150-FEDA52FC8489}.Release|Any CPU.ActiveCfg = Release|Any CPU
		{2C6D3738-D895-43BF-A150-FEDA52FC8489}.Release|Any CPU.Build.0 = Release|Any CPU
	EndGlobalSection
	GlobalSection(SolutionProperties) = preSolution
		HideSolutionNode = FALSE
	EndGlobalSection
	GlobalSection(ExtensibilityGlobals) = postSolution
		SolutionGuid = {6C70CE67-8F6C-4D58-9BD3-68C923505993}
	EndGlobalSection
EndGlobal
